// !$*UTF8*$!
{
	archiveVersion = 1;
	classes = {
	};
	objectVersion = 46;
	objects = {

/* Begin PBXBuildFile section */
		96E9ABCB1D3E658E00D3DD7A /* main.m in Sources */ = {isa = PBXBuildFile; fileRef = 96E9ABCA1D3E658E00D3DD7A /* main.m */; };
		96E9ABCE1D3E658E00D3DD7A /* AppDelegate.m in Sources */ = {isa = PBXBuildFile; fileRef = 96E9ABCD1D3E658E00D3DD7A /* AppDelegate.m */; };
		96E9ABD11D3E658E00D3DD7A /* ViewController.m in Sources */ = {isa = PBXBuildFile; fileRef = 96E9ABD01D3E658E00D3DD7A /* ViewController.m */; };
		96E9ABD41D3E658E00D3DD7A /* Main.storyboard in Resources */ = {isa = PBXBuildFile; fileRef = 96E9ABD21D3E658E00D3DD7A /* Main.storyboard */; };
		96E9ABD61D3E658E00D3DD7A /* Assets.xcassets in Resources */ = {isa = PBXBuildFile; fileRef = 96E9ABD51D3E658E00D3DD7A /* Assets.xcassets */; };
		96E9ABD91D3E658E00D3DD7A /* LaunchScreen.storyboard in Resources */ = {isa = PBXBuildFile; fileRef = 96E9ABD71D3E658E00D3DD7A /* LaunchScreen.storyboard */; };
		96E9ABE41D3E658E00D3DD7A /* UniversalAppTests.m in Sources */ = {isa = PBXBuildFile; fileRef = 96E9ABE31D3E658E00D3DD7A /* UniversalAppTests.m */; };
		96E9ABEF1D3E658E00D3DD7A /* UniversalAppUITests.m in Sources */ = {isa = PBXBuildFile; fileRef = 96E9ABEE1D3E658E00D3DD7A /* UniversalAppUITests.m */; };
/* End PBXBuildFile section */

/* Begin PBXContainerItemProxy section */
		96E9ABE01D3E658E00D3DD7A /* PBXContainerItemProxy */ = {
			isa = PBXContainerItemProxy;
			containerPortal = 96E9ABBE1D3E658E00D3DD7A /* Project object */;
			proxyType = 1;
			remoteGlobalIDString = 96E9ABC51D3E658E00D3DD7A;
			remoteInfo = UniversalApp;
		};
		96E9ABEB1D3E658E00D3DD7A /* PBXContainerItemProxy */ = {
			isa = PBXContainerItemProxy;
			containerPortal = 96E9ABBE1D3E658E00D3DD7A /* Project object */;
			proxyType = 1;
			remoteGlobalIDString = 96E9ABC51D3E658E00D3DD7A;
			remoteInfo = UniversalApp;
		};
/* End PBXContainerItemProxy section */

/* Begin PBXFileReference section */
		96E9ABC61D3E658E00D3DD7A /* UniversalApp.app */ = {isa = PBXFileReference; explicitFileType = wrapper.application; includeInIndex = 0; path = UniversalApp.app; sourceTree = BUILT_PRODUCTS_DIR; };
		96E9ABCA1D3E658E00D3DD7A /* main.m */ = {isa = PBXFileReference; lastKnownFileType = sourcecode.c.objc; path = main.m; sourceTree = "<group>"; };
		96E9ABCC1D3E658E00D3DD7A /* AppDelegate.h */ = {isa = PBXFileReference; lastKnownFileType = sourcecode.c.h; path = AppDelegate.h; sourceTree = "<group>"; };
		96E9ABCD1D3E658E00D3DD7A /* AppDelegate.m */ = {isa = PBXFileReference; lastKnownFileType = sourcecode.c.objc; path = AppDelegate.m; sourceTree = "<group>"; };
		96E9ABCF1D3E658E00D3DD7A /* ViewController.h */ = {isa = PBXFileReference; lastKnownFileType = sourcecode.c.h; path = ViewController.h; sourceTree = "<group>"; };
		96E9ABD01D3E658E00D3DD7A /* ViewController.m */ = {isa = PBXFileReference; lastKnownFileType = sourcecode.c.objc; path = ViewController.m; sourceTree = "<group>"; };
		96E9ABD31D3E658E00D3DD7A /* Base */ = {isa = PBXFileReference; lastKnownFileType = file.storyboard; name = Base; path = Base.lproj/Main.storyboard; sourceTree = "<group>"; };
		96E9ABD51D3E658E00D3DD7A /* Assets.xcassets */ = {isa = PBXFileReference; lastKnownFileType = folder.assetcatalog; path = Assets.xcassets; sourceTree = "<group>"; };
		96E9ABD81D3E658E00D3DD7A /* Base */ = {isa = PBXFileReference; lastKnownFileType = file.storyboard; name = Base; path = Base.lproj/LaunchScreen.storyboard; sourceTree = "<group>"; };
		96E9ABDA1D3E658E00D3DD7A /* Info.plist */ = {isa = PBXFileReference; lastKnownFileType = text.plist.xml; path = Info.plist; sourceTree = "<group>"; };
		96E9ABDF1D3E658E00D3DD7A /* UniversalAppTests.xctest */ = {isa = PBXFileReference; explicitFileType = wrapper.cfbundle; includeInIndex = 0; path = UniversalAppTests.xctest; sourceTree = BUILT_PRODUCTS_DIR; };
		96E9ABE31D3E658E00D3DD7A /* UniversalAppTests.m */ = {isa = PBXFileReference; lastKnownFileType = sourcecode.c.objc; path = UniversalAppTests.m; sourceTree = "<group>"; };
		96E9ABE51D3E658E00D3DD7A /* Info.plist */ = {isa = PBXFileReference; lastKnownFileType = text.plist.xml; path = Info.plist; sourceTree = "<group>"; };
		96E9ABEA1D3E658E00D3DD7A /* UniversalAppUITests.xctest */ = {isa = PBXFileReference; explicitFileType = wrapper.cfbundle; includeInIndex = 0; path = UniversalAppUITests.xctest; sourceTree = BUILT_PRODUCTS_DIR; };
		96E9ABEE1D3E658E00D3DD7A /* UniversalAppUITests.m */ = {isa = PBXFileReference; lastKnownFileType = sourcecode.c.objc; path = UniversalAppUITests.m; sourceTree = "<group>"; };
		96E9ABF01D3E658E00D3DD7A /* Info.plist */ = {isa = PBXFileReference; lastKnownFileType = text.plist.xml; path = Info.plist; sourceTree = "<group>"; };
/* End PBXFileReference section */

/* Begin PBXFrameworksBuildPhase section */
		96E9ABC31D3E658E00D3DD7A /* Frameworks */ = {
			isa = PBXFrameworksBuildPhase;
			buildActionMask = 2147483647;
			files = (
			);
			runOnlyForDeploymentPostprocessing = 0;
		};
		96E9ABDC1D3E658E00D3DD7A /* Frameworks */ = {
			isa = PBXFrameworksBuildPhase;
			buildActionMask = 2147483647;
			files = (
			);
			runOnlyForDeploymentPostprocessing = 0;
		};
		96E9ABE71D3E658E00D3DD7A /* Frameworks */ = {
			isa = PBXFrameworksBuildPhase;
			buildActionMask = 2147483647;
			files = (
			);
			runOnlyForDeploymentPostprocessing = 0;
		};
/* End PBXFrameworksBuildPhase section */

/* Begin PBXGroup section */
		96E9ABBD1D3E658E00D3DD7A = {
			isa = PBXGroup;
			children = (
				96E9ABC81D3E658E00D3DD7A /* UniversalApp */,
				96E9ABE21D3E658E00D3DD7A /* UniversalAppTests */,
				96E9ABED1D3E658E00D3DD7A /* UniversalAppUITests */,
				96E9ABC71D3E658E00D3DD7A /* Products */,
			);
			sourceTree = "<group>";
		};
		96E9ABC71D3E658E00D3DD7A /* Products */ = {
			isa = PBXGroup;
			children = (
				96E9ABC61D3E658E00D3DD7A /* UniversalApp.app */,
				96E9ABDF1D3E658E00D3DD7A /* UniversalAppTests.xctest */,
				96E9ABEA1D3E658E00D3DD7A /* UniversalAppUITests.xctest */,
			);
			name = Products;
			sourceTree = "<group>";
		};
		96E9ABC81D3E658E00D3DD7A /* UniversalApp */ = {
			isa = PBXGroup;
			children = (
				96E9ABCC1D3E658E00D3DD7A /* AppDelegate.h */,
				96E9ABCD1D3E658E00D3DD7A /* AppDelegate.m */,
				96E9ABCF1D3E658E00D3DD7A /* ViewController.h */,
				96E9ABD01D3E658E00D3DD7A /* ViewController.m */,
				96E9ABD21D3E658E00D3DD7A /* Main.storyboard */,
				96E9ABD51D3E658E00D3DD7A /* Assets.xcassets */,
				96E9ABD71D3E658E00D3DD7A /* LaunchScreen.storyboard */,
				96E9ABDA1D3E658E00D3DD7A /* Info.plist */,
				96E9ABC91D3E658E00D3DD7A /* Supporting Files */,
			);
			path = UniversalApp;
			sourceTree = "<group>";
		};
		96E9ABC91D3E658E00D3DD7A /* Supporting Files */ = {
			isa = PBXGroup;
			children = (
				96E9ABCA1D3E658E00D3DD7A /* main.m */,
			);
			name = "Supporting Files";
			sourceTree = "<group>";
		};
		96E9ABE21D3E658E00D3DD7A /* UniversalAppTests */ = {
			isa = PBXGroup;
			children = (
				96E9ABE31D3E658E00D3DD7A /* UniversalAppTests.m */,
				96E9ABE51D3E658E00D3DD7A /* Info.plist */,
			);
			path = UniversalAppTests;
			sourceTree = "<group>";
		};
		96E9ABED1D3E658E00D3DD7A /* UniversalAppUITests */ = {
			isa = PBXGroup;
			children = (
				96E9ABEE1D3E658E00D3DD7A /* UniversalAppUITests.m */,
				96E9ABF01D3E658E00D3DD7A /* Info.plist */,
			);
			path = UniversalAppUITests;
			sourceTree = "<group>";
		};
/* End PBXGroup section */

/* Begin PBXNativeTarget section */
		96E9ABC51D3E658E00D3DD7A /* UniversalApp */ = {
			isa = PBXNativeTarget;
			buildConfigurationList = 96E9ABF31D3E658E00D3DD7A /* Build configuration list for PBXNativeTarget "UniversalApp" */;
			buildPhases = (
				96E9ABC21D3E658E00D3DD7A /* Sources */,
				96E9ABC31D3E658E00D3DD7A /* Frameworks */,
				96E9ABC41D3E658E00D3DD7A /* Resources */,
			);
			buildRules = (
			);
			dependencies = (
			);
			name = UniversalApp;
			productName = UniversalApp;
			productReference = 96E9ABC61D3E658E00D3DD7A /* UniversalApp.app */;
			productType = "com.apple.product-type.application";
		};
		96E9ABDE1D3E658E00D3DD7A /* UniversalAppTests */ = {
			isa = PBXNativeTarget;
			buildConfigurationList = 96E9ABF61D3E658E00D3DD7A /* Build configuration list for PBXNativeTarget "UniversalAppTests" */;
			buildPhases = (
				96E9ABDB1D3E658E00D3DD7A /* Sources */,
				96E9ABDC1D3E658E00D3DD7A /* Frameworks */,
				96E9ABDD1D3E658E00D3DD7A /* Resources */,
			);
			buildRules = (
			);
			dependencies = (
				96E9ABE11D3E658E00D3DD7A /* PBXTargetDependency */,
			);
			name = UniversalAppTests;
			productName = UniversalAppTests;
			productReference = 96E9ABDF1D3E658E00D3DD7A /* UniversalAppTests.xctest */;
			productType = "com.apple.product-type.bundle.unit-test";
		};
		96E9ABE91D3E658E00D3DD7A /* UniversalAppUITests */ = {
			isa = PBXNativeTarget;
			buildConfigurationList = 96E9ABF91D3E658E00D3DD7A /* Build configuration list for PBXNativeTarget "UniversalAppUITests" */;
			buildPhases = (
				96E9ABE61D3E658E00D3DD7A /* Sources */,
				96E9ABE71D3E658E00D3DD7A /* Frameworks */,
				96E9ABE81D3E658E00D3DD7A /* Resources */,
			);
			buildRules = (
			);
			dependencies = (
				96E9ABEC1D3E658E00D3DD7A /* PBXTargetDependency */,
			);
			name = UniversalAppUITests;
			productName = UniversalAppUITests;
			productReference = 96E9ABEA1D3E658E00D3DD7A /* UniversalAppUITests.xctest */;
			productType = "com.apple.product-type.bundle.ui-testing";
		};
/* End PBXNativeTarget section */

/* Begin PBXProject section */
		96E9ABBE1D3E658E00D3DD7A /* Project object */ = {
			isa = PBXProject;
			attributes = {
				LastUpgradeCheck = 0720;
				ORGANIZATIONNAME = Seba;
				TargetAttributes = {
					96E9ABC51D3E658E00D3DD7A = {
						CreatedOnToolsVersion = 7.2.1;
					};
					96E9ABDE1D3E658E00D3DD7A = {
						CreatedOnToolsVersion = 7.2.1;
						TestTargetID = 96E9ABC51D3E658E00D3DD7A;
					};
					96E9ABE91D3E658E00D3DD7A = {
						CreatedOnToolsVersion = 7.2.1;
						TestTargetID = 96E9ABC51D3E658E00D3DD7A;
					};
				};
			};
			buildConfigurationList = 96E9ABC11D3E658E00D3DD7A /* Build configuration list for PBXProject "UniversalApp" */;
			compatibilityVersion = "Xcode 3.2";
			developmentRegion = English;
			hasScannedForEncodings = 0;
			knownRegions = (
				en,
				Base,
			);
			mainGroup = 96E9ABBD1D3E658E00D3DD7A;
			productRefGroup = 96E9ABC71D3E658E00D3DD7A /* Products */;
			projectDirPath = "";
			projectRoot = "";
			targets = (
				96E9ABC51D3E658E00D3DD7A /* UniversalApp */,
				96E9ABDE1D3E658E00D3DD7A /* UniversalAppTests */,
				96E9ABE91D3E658E00D3DD7A /* UniversalAppUITests */,
			);
		};
/* End PBXProject section */

/* Begin PBXResourcesBuildPhase section */
		96E9ABC41D3E658E00D3DD7A /* Resources */ = {
			isa = PBXResourcesBuildPhase;
			buildActionMask = 2147483647;
			files = (
				96E9ABD91D3E658E00D3DD7A /* LaunchScreen.storyboard in Resources */,
				96E9ABD61D3E658E00D3DD7A /* Assets.xcassets in Resources */,
				96E9ABD41D3E658E00D3DD7A /* Main.storyboard in Resources */,
			);
			runOnlyForDeploymentPostprocessing = 0;
		};
		96E9ABDD1D3E658E00D3DD7A /* Resources */ = {
			isa = PBXResourcesBuildPhase;
			buildActionMask = 2147483647;
			files = (
			);
			runOnlyForDeploymentPostprocessing = 0;
		};
		96E9ABE81D3E658E00D3DD7A /* Resources */ = {
			isa = PBXResourcesBuildPhase;
			buildActionMask = 2147483647;
			files = (
			);
			runOnlyForDeploymentPostprocessing = 0;
		};
/* End PBXResourcesBuildPhase section */

/* Begin PBXSourcesBuildPhase section */
		96E9ABC21D3E658E00D3DD7A /* Sources */ = {
			isa = PBXSourcesBuildPhase;
			buildActionMask = 2147483647;
			files = (
				96E9ABD11D3E658E00D3DD7A /* ViewController.m in Sources */,
				96E9ABCE1D3E658E00D3DD7A /* AppDelegate.m in Sources */,
				96E9ABCB1D3E658E00D3DD7A /* main.m in Sources */,
			);
			runOnlyForDeploymentPostprocessing = 0;
		};
		96E9ABDB1D3E658E00D3DD7A /* Sources */ = {
			isa = PBXSourcesBuildPhase;
			buildActionMask = 2147483647;
			files = (
				96E9ABE41D3E658E00D3DD7A /* UniversalAppTests.m in Sources */,
			);
			runOnlyForDeploymentPostprocessing = 0;
		};
		96E9ABE61D3E658E00D3DD7A /* Sources */ = {
			isa = PBXSourcesBuildPhase;
			buildActionMask = 2147483647;
			files = (
				96E9ABEF1D3E658E00D3DD7A /* UniversalAppUITests.m in Sources */,
			);
			runOnlyForDeploymentPostprocessing = 0;
		};
/* End PBXSourcesBuildPhase section */

/* Begin PBXTargetDependency section */
		96E9ABE11D3E658E00D3DD7A /* PBXTargetDependency */ = {
			isa = PBXTargetDependency;
			target = 96E9ABC51D3E658E00D3DD7A /* UniversalApp */;
			targetProxy = 96E9ABE01D3E658E00D3DD7A /* PBXContainerItemProxy */;
		};
		96E9ABEC1D3E658E00D3DD7A /* PBXTargetDependency */ = {
			isa = PBXTargetDependency;
			target = 96E9ABC51D3E658E00D3DD7A /* UniversalApp */;
			targetProxy = 96E9ABEB1D3E658E00D3DD7A /* PBXContainerItemProxy */;
		};
/* End PBXTargetDependency section */

/* Begin PBXVariantGroup section */
		96E9ABD21D3E658E00D3DD7A /* Main.storyboard */ = {
			isa = PBXVariantGroup;
			children = (
				96E9ABD31D3E658E00D3DD7A /* Base */,
			);
			name = Main.storyboard;
			sourceTree = "<group>";
		};
		96E9ABD71D3E658E00D3DD7A /* LaunchScreen.storyboard */ = {
			isa = PBXVariantGroup;
			children = (
				96E9ABD81D3E658E00D3DD7A /* Base */,
			);
			name = LaunchScreen.storyboard;
			sourceTree = "<group>";
		};
/* End PBXVariantGroup section */

/* Begin XCBuildConfiguration section */
		96E9ABF11D3E658E00D3DD7A /* Debug */ = {
			isa = XCBuildConfiguration;
			buildSettings = {
				ALWAYS_SEARCH_USER_PATHS = NO;
				CLANG_CXX_LANGUAGE_STANDARD = "gnu++0x";
				CLANG_CXX_LIBRARY = "libc++";
				CLANG_ENABLE_MODULES = YES;
				CLANG_ENABLE_OBJC_ARC = YES;
				CLANG_WARN_BOOL_CONVERSION = YES;
				CLANG_WARN_CONSTANT_CONVERSION = YES;
				CLANG_WARN_DIRECT_OBJC_ISA_USAGE = YES_ERROR;
				CLANG_WARN_EMPTY_BODY = YES;
				CLANG_WARN_ENUM_CONVERSION = YES;
				CLANG_WARN_INT_CONVERSION = YES;
				CLANG_WARN_OBJC_ROOT_CLASS = YES_ERROR;
				CLANG_WARN_UNREACHABLE_CODE = YES;
				CLANG_WARN__DUPLICATE_METHOD_MATCH = YES;
				"CODE_SIGN_IDENTITY[sdk=iphoneos*]" = "iPhone Developer";
				COPY_PHASE_STRIP = NO;
				DEBUG_INFORMATION_FORMAT = dwarf;
				ENABLE_STRICT_OBJC_MSGSEND = YES;
				ENABLE_TESTABILITY = YES;
				GCC_C_LANGUAGE_STANDARD = gnu99;
				GCC_DYNAMIC_NO_PIC = NO;
				GCC_NO_COMMON_BLOCKS = YES;
				GCC_OPTIMIZATION_LEVEL = 0;
				GCC_PREPROCESSOR_DEFINITIONS = (
					"DEBUG=1",
					"$(inherited)",
				);
				GCC_WARN_64_TO_32_BIT_CONVERSION = YES;
				GCC_WARN_ABOUT_RETURN_TYPE = YES_ERROR;
				GCC_WARN_UNDECLARED_SELECTOR = YES;
				GCC_WARN_UNINITIALIZED_AUTOS = YES_AGGRESSIVE;
				GCC_WARN_UNUSED_FUNCTION = YES;
				GCC_WARN_UNUSED_VARIABLE = YES;
				IPHONEOS_DEPLOYMENT_TARGET = 9.2;
				MTL_ENABLE_DEBUG_INFO = YES;
				ONLY_ACTIVE_ARCH = YES;
				SDKROOT = iphoneos;
				TARGETED_DEVICE_FAMILY = "1,2";
			};
			name = Debug;
		};
		96E9ABF21D3E658E00D3DD7A /* Release */ = {
			isa = XCBuildConfiguration;
			buildSettings = {
				ALWAYS_SEARCH_USER_PATHS = NO;
				CLANG_CXX_LANGUAGE_STANDARD = "gnu++0x";
				CLANG_CXX_LIBRARY = "libc++";
				CLANG_ENABLE_MODULES = YES;
				CLANG_ENABLE_OBJC_ARC = YES;
				CLANG_WARN_BOOL_CONVERSION = YES;
				CLANG_WARN_CONSTANT_CONVERSION = YES;
				CLANG_WARN_DIRECT_OBJC_ISA_USAGE = YES_ERROR;
				CLANG_WARN_EMPTY_BODY = YES;
				CLANG_WARN_ENUM_CONVERSION = YES;
				CLANG_WARN_INT_CONVERSION = YES;
				CLANG_WARN_OBJC_ROOT_CLASS = YES_ERROR;
				CLANG_WARN_UNREACHABLE_CODE = YES;
				CLANG_WARN__DUPLICATE_METHOD_MATCH = YES;
				"CODE_SIGN_IDENTITY[sdk=iphoneos*]" = "iPhone Developer";
				COPY_PHASE_STRIP = NO;
				DEBUG_INFORMATION_FORMAT = "dwarf-with-dsym";
				ENABLE_NS_ASSERTIONS = NO;
				ENABLE_STRICT_OBJC_MSGSEND = YES;
				GCC_C_LANGUAGE_STANDARD = gnu99;
				GCC_NO_COMMON_BLOCKS = YES;
				GCC_WARN_64_TO_32_BIT_CONVERSION = YES;
				GCC_WARN_ABOUT_RETURN_TYPE = YES_ERROR;
				GCC_WARN_UNDECLARED_SELECTOR = YES;
				GCC_WARN_UNINITIALIZED_AUTOS = YES_AGGRESSIVE;
				GCC_WARN_UNUSED_FUNCTION = YES;
				GCC_WARN_UNUSED_VARIABLE = YES;
				IPHONEOS_DEPLOYMENT_TARGET = 9.2;
				MTL_ENABLE_DEBUG_INFO = NO;
				SDKROOT = iphoneos;
				TARGETED_DEVICE_FAMILY = "1,2";
				VALIDATE_PRODUCT = YES;
			};
			name = Release;
		};
		96E9ABF41D3E658E00D3DD7A /* Debug */ = {
			isa = XCBuildConfiguration;
			buildSettings = {
				ASSETCATALOG_COMPILER_APPICON_NAME = AppIcon;
				INFOPLIST_FILE = UniversalApp/Info.plist;
				IPHONEOS_DEPLOYMENT_TARGET = 8.1;
				LD_RUNPATH_SEARCH_PATHS = "$(inherited) @executable_path/Frameworks";
				PRODUCT_BUNDLE_IDENTIFIER = MART.UniversalApp;
				PRODUCT_NAME = "$(TARGET_NAME)";
			};
			name = Debug;
		};
		96E9ABF51D3E658E00D3DD7A /* Release */ = {
			isa = XCBuildConfiguration;
			buildSettings = {
				ASSETCATALOG_COMPILER_APPICON_NAME = AppIcon;
				INFOPLIST_FILE = UniversalApp/Info.plist;
				IPHONEOS_DEPLOYMENT_TARGET = 8.1;
				LD_RUNPATH_SEARCH_PATHS = "$(inherited) @executable_path/Frameworks";
				PRODUCT_BUNDLE_IDENTIFIER = MART.UniversalApp;
				PRODUCT_NAME = "$(TARGET_NAME)";
			};
			name = Release;
		};
		96E9ABF71D3E658E00D3DD7A /* Debug */ = {
			isa = XCBuildConfiguration;
			buildSettings = {
				BUNDLE_LOADER = "$(TEST_HOST)";
				INFOPLIST_FILE = UniversalAppTests/Info.plist;
				LD_RUNPATH_SEARCH_PATHS = "$(inherited) @executable_path/Frameworks @loader_path/Frameworks";
				PRODUCT_BUNDLE_IDENTIFIER = MART.UniversalAppTests;
				PRODUCT_NAME = "$(TARGET_NAME)";
				TEST_HOST = "$(BUILT_PRODUCTS_DIR)/UniversalApp.app/UniversalApp";
			};
			name = Debug;
		};
		96E9ABF81D3E658E00D3DD7A /* Release */ = {
			isa = XCBuildConfiguration;
			buildSettings = {
				BUNDLE_LOADER = "$(TEST_HOST)";
				INFOPLIST_FILE = UniversalAppTests/Info.plist;
				LD_RUNPATH_SEARCH_PATHS = "$(inherited) @executable_path/Frameworks @loader_path/Frameworks";
				PRODUCT_BUNDLE_IDENTIFIER = MART.UniversalAppTests;
				PRODUCT_NAME = "$(TARGET_NAME)";
				TEST_HOST = "$(BUILT_PRODUCTS_DIR)/UniversalApp.app/UniversalApp";
			};
			name = Release;
		};
		96E9ABFA1D3E658E00D3DD7A /* Debug */ = {
			isa = XCBuildConfiguration;
			buildSettings = {
				INFOPLIST_FILE = UniversalAppUITests/Info.plist;
				LD_RUNPATH_SEARCH_PATHS = "$(inherited) @executable_path/Frameworks @loader_path/Frameworks";
				PRODUCT_BUNDLE_IDENTIFIER = MART.UniversalAppUITests;
				PRODUCT_NAME = "$(TARGET_NAME)";
				TEST_TARGET_NAME = UniversalApp;
				USES_XCTRUNNER = YES;
			};
			name = Debug;
		};
		96E9ABFB1D3E658E00D3DD7A /* Release */ = {
			isa = XCBuildConfiguration;
			buildSettings = {
				INFOPLIST_FILE = UniversalAppUITests/Info.plist;
				LD_RUNPATH_SEARCH_PATHS = "$(inherited) @executable_path/Frameworks @loader_path/Frameworks";
				PRODUCT_BUNDLE_IDENTIFIER = MART.UniversalAppUITests;
				PRODUCT_NAME = "$(TARGET_NAME)";
				TEST_TARGET_NAME = UniversalApp;
				USES_XCTRUNNER = YES;
			};
			name = Release;
		};
/* End XCBuildConfiguration section */

/* Begin XCConfigurationList section */
		96E9ABC11D3E658E00D3DD7A /* Build configuration list for PBXProject "UniversalApp" */ = {
			isa = XCConfigurationList;
			buildConfigurations = (
				96E9ABF11D3E658E00D3DD7A /* Debug */,
				96E9ABF21D3E658E00D3DD7A /* Release */,
			);
			defaultConfigurationIsVisible = 0;
			defaultConfigurationName = Release;
		};
		96E9ABF31D3E658E00D3DD7A /* Build configuration list for PBXNativeTarget "UniversalApp" */ = {
			isa = XCConfigurationList;
			buildConfigurations = (
				96E9ABF41D3E658E00D3DD7A /* Debug */,
				96E9ABF51D3E658E00D3DD7A /* Release */,
			);
			defaultConfigurationIsVisible = 0;
			defaultConfigurationName = Release;
		};
		96E9ABF61D3E658E00D3DD7A /* Build configuration list for PBXNativeTarget "UniversalAppTests" */ = {
			isa = XCConfigurationList;
			buildConfigurations = (
				96E9ABF71D3E658E00D3DD7A /* Debug */,
				96E9ABF81D3E658E00D3DD7A /* Release */,
			);
			defaultConfigurationIsVisible = 0;
			defaultConfigurationName = Release;
		};
		96E9ABF91D3E658E00D3DD7A /* Build configuration list for PBXNativeTarget "UniversalAppUITests" */ = {
			isa = XCConfigurationList;
			buildConfigurations = (
				96E9ABFA1D3E658E00D3DD7A /* Debug */,
				96E9ABFB1D3E658E00D3DD7A /* Release */,
			);
			defaultConfigurationIsVisible = 0;
			defaultConfigurationName = Release;
		};
/* End XCConfigurationList section */
	};
	rootObject = 96E9ABBE1D3E658E00D3DD7A /* Project object */;
}
